// !$*UTF8*$!
{
	archiveVersion = 1;
	classes = {
	};
	objectVersion = 46;
	objects = {

/* Begin PBXBuildFile section */
		7F1B8D991D65F0F00010ED2E /* schedule2.csv in Resources */ = {isa = PBXBuildFile; fileRef = 7F1B8D981D65F0F00010ED2E /* schedule2.csv */; };
		7F3944F71D4372EE002E3BC3 /* CustomTableViewCell.swift in Sources */ = {isa = PBXBuildFile; fileRef = 7F3944F61D4372EE002E3BC3 /* CustomTableViewCell.swift */; };
		7F3944F91D437D5A002E3BC3 /* ListViewController.swift in Sources */ = {isa = PBXBuildFile; fileRef = 7F3944F81D437D5A002E3BC3 /* ListViewController.swift */; };
		7F867A981D3207590020C04A /* AppDelegate.swift in Sources */ = {isa = PBXBuildFile; fileRef = 7F867A971D3207590020C04A /* AppDelegate.swift */; };
		7F867A9A1D3207590020C04A /* ViewController.swift in Sources */ = {isa = PBXBuildFile; fileRef = 7F867A991D3207590020C04A /* ViewController.swift */; };
		7F867A9D1D3207590020C04A /* Main.storyboard in Resources */ = {isa = PBXBuildFile; fileRef = 7F867A9B1D3207590020C04A /* Main.storyboard */; };
		7F867A9F1D3207590020C04A /* Assets.xcassets in Resources */ = {isa = PBXBuildFile; fileRef = 7F867A9E1D3207590020C04A /* Assets.xcassets */; };
		7F867AA21D3207590020C04A /* LaunchScreen.storyboard in Resources */ = {isa = PBXBuildFile; fileRef = 7F867AA01D3207590020C04A /* LaunchScreen.storyboard */; };
		7F867AAD1D3207590020C04A /* StayManagementSystemTests.swift in Sources */ = {isa = PBXBuildFile; fileRef = 7F867AAC1D3207590020C04A /* StayManagementSystemTests.swift */; };
		7F867AB81D3207590020C04A /* StayManagementSystemUITests.swift in Sources */ = {isa = PBXBuildFile; fileRef = 7F867AB71D3207590020C04A /* StayManagementSystemUITests.swift */; };
		7F867AD01D320B520020C04A /* documentIcon.png in Resources */ = {isa = PBXBuildFile; fileRef = 7F867AC61D320B520020C04A /* documentIcon.png */; };
		7F867AD11D320B520020C04A /* friends.png in Resources */ = {isa = PBXBuildFile; fileRef = 7F867AC71D320B520020C04A /* friends.png */; };
		7F867AD21D320B520020C04A /* leavingIcon.png in Resources */ = {isa = PBXBuildFile; fileRef = 7F867AC81D320B520020C04A /* leavingIcon.png */; };
		7F867AD31D320B520020C04A /* MapIcon.png in Resources */ = {isa = PBXBuildFile; fileRef = 7F867AC91D320B520020C04A /* MapIcon.png */; };
		7F867AD41D320B520020C04A /* planIcon.png in Resources */ = {isa = PBXBuildFile; fileRef = 7F867ACA1D320B520020C04A /* planIcon.png */; };
		7F867AD51D320B520020C04A /* profile.png in Resources */ = {isa = PBXBuildFile; fileRef = 7F867ACB1D320B520020C04A /* profile.png */; };
		7F867AD61D320B520020C04A /* scheduleIcon.png in Resources */ = {isa = PBXBuildFile; fileRef = 7F867ACC1D320B520020C04A /* scheduleIcon.png */; };
		7F867AD71D320B520020C04A /* searchIcon.png in Resources */ = {isa = PBXBuildFile; fileRef = 7F867ACD1D320B520020C04A /* searchIcon.png */; };
		7F867AD81D320B520020C04A /* stateIcon.png in Resources */ = {isa = PBXBuildFile; fileRef = 7F867ACE1D320B520020C04A /* stateIcon.png */; };
		7F867AD91D320B520020C04A /* stayIcon.png in Resources */ = {isa = PBXBuildFile; fileRef = 7F867ACF1D320B520020C04A /* stayIcon.png */; };
		7F867ADB1D320D780020C04A /* functionIcon.png in Resources */ = {isa = PBXBuildFile; fileRef = 7F867ADA1D320D780020C04A /* functionIcon.png */; };
		7F867ADD1D3210920020C04A /* eventIcon.png in Resources */ = {isa = PBXBuildFile; fileRef = 7F867ADC1D3210920020C04A /* eventIcon.png */; };
		7F867ADF1D3211830020C04A /* timeBar.png in Resources */ = {isa = PBXBuildFile; fileRef = 7F867ADE1D3211830020C04A /* timeBar.png */; };
		7F867AE41D3215360020C04A /* leavingIcon2.png in Resources */ = {isa = PBXBuildFile; fileRef = 7F867AE01D3215360020C04A /* leavingIcon2.png */; };
		7F867AE51D3215360020C04A /* planIcon2.png in Resources */ = {isa = PBXBuildFile; fileRef = 7F867AE11D3215360020C04A /* planIcon2.png */; };
		7F867AE61D3215360020C04A /* stayIcon2.png in Resources */ = {isa = PBXBuildFile; fileRef = 7F867AE21D3215360020C04A /* stayIcon2.png */; };
		7F867AE71D3215360020C04A /* switchIcon.png in Resources */ = {isa = PBXBuildFile; fileRef = 7F867AE31D3215360020C04A /* switchIcon.png */; };
		7F867AE91D3215AD0020C04A /* homeIcon.png in Resources */ = {isa = PBXBuildFile; fileRef = 7F867AE81D3215AD0020C04A /* homeIcon.png */; };
		7F867AEE1D3237200020C04A /* schedule.csv in Resources */ = {isa = PBXBuildFile; fileRef = 7F867AEC1D3237200020C04A /* schedule.csv */; };
		7FFA41AC1D73215B000769F2 /* GraphViewController.swift in Sources */ = {isa = PBXBuildFile; fileRef = 7FFA41AB1D73215A000769F2 /* GraphViewController.swift */; };
/* End PBXBuildFile section */

/* Begin PBXContainerItemProxy section */
		7F867AA91D3207590020C04A /* PBXContainerItemProxy */ = {
			isa = PBXContainerItemProxy;
			containerPortal = 7F867A8C1D3207590020C04A /* Project object */;
			proxyType = 1;
			remoteGlobalIDString = 7F867A931D3207590020C04A;
			remoteInfo = StayManagementSystem;
		};
		7F867AB41D3207590020C04A /* PBXContainerItemProxy */ = {
			isa = PBXContainerItemProxy;
			containerPortal = 7F867A8C1D3207590020C04A /* Project object */;
			proxyType = 1;
			remoteGlobalIDString = 7F867A931D3207590020C04A;
			remoteInfo = StayManagementSystem;
		};
/* End PBXContainerItemProxy section */

/* Begin PBXFileReference section */
		7F1B8D981D65F0F00010ED2E /* schedule2.csv */ = {isa = PBXFileReference; fileEncoding = 4; lastKnownFileType = text; name = schedule2.csv; path = "../../../素材/Data/schedule2.csv"; sourceTree = "<group>"; };
		7F3944F61D4372EE002E3BC3 /* CustomTableViewCell.swift */ = {isa = PBXFileReference; fileEncoding = 4; lastKnownFileType = sourcecode.swift; path = CustomTableViewCell.swift; sourceTree = "<group>"; };
		7F3944F81D437D5A002E3BC3 /* ListViewController.swift */ = {isa = PBXFileReference; fileEncoding = 4; lastKnownFileType = sourcecode.swift; path = ListViewController.swift; sourceTree = "<group>"; };
		7F867A941D3207590020C04A /* StayManagementSystem.app */ = {isa = PBXFileReference; explicitFileType = wrapper.application; includeInIndex = 0; path = StayManagementSystem.app; sourceTree = BUILT_PRODUCTS_DIR; };
		7F867A971D3207590020C04A /* AppDelegate.swift */ = {isa = PBXFileReference; lastKnownFileType = sourcecode.swift; path = AppDelegate.swift; sourceTree = "<group>"; };
		7F867A991D3207590020C04A /* ViewController.swift */ = {isa = PBXFileReference; lastKnownFileType = sourcecode.swift; path = ViewController.swift; sourceTree = "<group>"; };
		7F867A9C1D3207590020C04A /* Base */ = {isa = PBXFileReference; lastKnownFileType = file.storyboard; name = Base; path = Base.lproj/Main.storyboard; sourceTree = "<group>"; };
		7F867A9E1D3207590020C04A /* Assets.xcassets */ = {isa = PBXFileReference; lastKnownFileType = folder.assetcatalog; path = Assets.xcassets; sourceTree = "<group>"; };
		7F867AA11D3207590020C04A /* Base */ = {isa = PBXFileReference; lastKnownFileType = file.storyboard; name = Base; path = Base.lproj/LaunchScreen.storyboard; sourceTree = "<group>"; };
		7F867AA31D3207590020C04A /* Info.plist */ = {isa = PBXFileReference; lastKnownFileType = text.plist.xml; path = Info.plist; sourceTree = "<group>"; };
		7F867AA81D3207590020C04A /* StayManagementSystemTests.xctest */ = {isa = PBXFileReference; explicitFileType = wrapper.cfbundle; includeInIndex = 0; path = StayManagementSystemTests.xctest; sourceTree = BUILT_PRODUCTS_DIR; };
		7F867AAC1D3207590020C04A /* StayManagementSystemTests.swift */ = {isa = PBXFileReference; lastKnownFileType = sourcecode.swift; path = StayManagementSystemTests.swift; sourceTree = "<group>"; };
		7F867AAE1D3207590020C04A /* Info.plist */ = {isa = PBXFileReference; lastKnownFileType = text.plist.xml; path = Info.plist; sourceTree = "<group>"; };
		7F867AB31D3207590020C04A /* StayManagementSystemUITests.xctest */ = {isa = PBXFileReference; explicitFileType = wrapper.cfbundle; includeInIndex = 0; path = StayManagementSystemUITests.xctest; sourceTree = BUILT_PRODUCTS_DIR; };
		7F867AB71D3207590020C04A /* StayManagementSystemUITests.swift */ = {isa = PBXFileReference; lastKnownFileType = sourcecode.swift; path = StayManagementSystemUITests.swift; sourceTree = "<group>"; };
		7F867AB91D3207590020C04A /* Info.plist */ = {isa = PBXFileReference; lastKnownFileType = text.plist.xml; path = Info.plist; sourceTree = "<group>"; };
		7F867AC61D320B520020C04A /* documentIcon.png */ = {isa = PBXFileReference; lastKnownFileType = image.png; path = documentIcon.png; sourceTree = "<group>"; };
		7F867AC71D320B520020C04A /* friends.png */ = {isa = PBXFileReference; lastKnownFileType = image.png; path = friends.png; sourceTree = "<group>"; };
		7F867AC81D320B520020C04A /* leavingIcon.png */ = {isa = PBXFileReference; lastKnownFileType = image.png; path = leavingIcon.png; sourceTree = "<group>"; };
		7F867AC91D320B520020C04A /* MapIcon.png */ = {isa = PBXFileReference; lastKnownFileType = image.png; path = MapIcon.png; sourceTree = "<group>"; };
		7F867ACA1D320B520020C04A /* planIcon.png */ = {isa = PBXFileReference; lastKnownFileType = image.png; path = planIcon.png; sourceTree = "<group>"; };
		7F867ACB1D320B520020C04A /* profile.png */ = {isa = PBXFileReference; lastKnownFileType = image.png; path = profile.png; sourceTree = "<group>"; };
		7F867ACC1D320B520020C04A /* scheduleIcon.png */ = {isa = PBXFileReference; lastKnownFileType = image.png; path = scheduleIcon.png; sourceTree = "<group>"; };
		7F867ACD1D320B520020C04A /* searchIcon.png */ = {isa = PBXFileReference; lastKnownFileType = image.png; path = searchIcon.png; sourceTree = "<group>"; };
		7F867ACE1D320B520020C04A /* stateIcon.png */ = {isa = PBXFileReference; lastKnownFileType = image.png; path = stateIcon.png; sourceTree = "<group>"; };
		7F867ACF1D320B520020C04A /* stayIcon.png */ = {isa = PBXFileReference; lastKnownFileType = image.png; path = stayIcon.png; sourceTree = "<group>"; };
		7F867ADA1D320D780020C04A /* functionIcon.png */ = {isa = PBXFileReference; lastKnownFileType = image.png; path = functionIcon.png; sourceTree = "<group>"; };
		7F867ADC1D3210920020C04A /* eventIcon.png */ = {isa = PBXFileReference; lastKnownFileType = image.png; path = eventIcon.png; sourceTree = "<group>"; };
		7F867ADE1D3211830020C04A /* timeBar.png */ = {isa = PBXFileReference; lastKnownFileType = image.png; path = timeBar.png; sourceTree = "<group>"; };
		7F867AE01D3215360020C04A /* leavingIcon2.png */ = {isa = PBXFileReference; lastKnownFileType = image.png; path = leavingIcon2.png; sourceTree = "<group>"; };
		7F867AE11D3215360020C04A /* planIcon2.png */ = {isa = PBXFileReference; lastKnownFileType = image.png; path = planIcon2.png; sourceTree = "<group>"; };
		7F867AE21D3215360020C04A /* stayIcon2.png */ = {isa = PBXFileReference; lastKnownFileType = image.png; path = stayIcon2.png; sourceTree = "<group>"; };
		7F867AE31D3215360020C04A /* switchIcon.png */ = {isa = PBXFileReference; lastKnownFileType = image.png; path = switchIcon.png; sourceTree = "<group>"; };
		7F867AE81D3215AD0020C04A /* homeIcon.png */ = {isa = PBXFileReference; lastKnownFileType = image.png; path = homeIcon.png; sourceTree = "<group>"; };
		7F867AEC1D3237200020C04A /* schedule.csv */ = {isa = PBXFileReference; fileEncoding = 4; lastKnownFileType = text; path = schedule.csv; sourceTree = "<group>"; };
		7FFA41AB1D73215A000769F2 /* GraphViewController.swift */ = {isa = PBXFileReference; fileEncoding = 4; lastKnownFileType = sourcecode.swift; path = GraphViewController.swift; sourceTree = "<group>"; };
/* End PBXFileReference section */

/* Begin PBXFrameworksBuildPhase section */
		7F867A911D3207590020C04A /* Frameworks */ = {
			isa = PBXFrameworksBuildPhase;
			buildActionMask = 2147483647;
			files = (
			);
			runOnlyForDeploymentPostprocessing = 0;
		};
		7F867AA51D3207590020C04A /* Frameworks */ = {
			isa = PBXFrameworksBuildPhase;
			buildActionMask = 2147483647;
			files = (
			);
			runOnlyForDeploymentPostprocessing = 0;
		};
		7F867AB01D3207590020C04A /* Frameworks */ = {
			isa = PBXFrameworksBuildPhase;
			buildActionMask = 2147483647;
			files = (
			);
			runOnlyForDeploymentPostprocessing = 0;
		};
/* End PBXFrameworksBuildPhase section */

/* Begin PBXGroup section */
		7F867A8B1D3207590020C04A = {
			isa = PBXGroup;
			children = (
				7F867A961D3207590020C04A /* StayManagementSystem */,
				7F867AAB1D3207590020C04A /* StayManagementSystemTests */,
				7F867AB61D3207590020C04A /* StayManagementSystemUITests */,
				7F867A951D3207590020C04A /* Products */,
			);
			sourceTree = "<group>";
		};
		7F867A951D3207590020C04A /* Products */ = {
			isa = PBXGroup;
			children = (
				7F867A941D3207590020C04A /* StayManagementSystem.app */,
				7F867AA81D3207590020C04A /* StayManagementSystemTests.xctest */,
				7F867AB31D3207590020C04A /* StayManagementSystemUITests.xctest */,
			);
			name = Products;
			sourceTree = "<group>";
		};
		7F867A961D3207590020C04A /* StayManagementSystem */ = {
			isa = PBXGroup;
			children = (
				7F867A971D3207590020C04A /* AppDelegate.swift */,
				7F867A991D3207590020C04A /* ViewController.swift */,
				7F3944F61D4372EE002E3BC3 /* CustomTableViewCell.swift */,
				7F3944F81D437D5A002E3BC3 /* ListViewController.swift */,
				7FFA41AB1D73215A000769F2 /* GraphViewController.swift */,
				7F867A9B1D3207590020C04A /* Main.storyboard */,
				7F867A9E1D3207590020C04A /* Assets.xcassets */,
				7F867AC51D320B520020C04A /* 素材 */,
				7F867AA01D3207590020C04A /* LaunchScreen.storyboard */,
				7F867AA31D3207590020C04A /* Info.plist */,
			);
			path = StayManagementSystem;
			sourceTree = "<group>";
		};
		7F867AAB1D3207590020C04A /* StayManagementSystemTests */ = {
			isa = PBXGroup;
			children = (
				7F867AAC1D3207590020C04A /* StayManagementSystemTests.swift */,
				7F867AAE1D3207590020C04A /* Info.plist */,
			);
			path = StayManagementSystemTests;
			sourceTree = "<group>";
		};
		7F867AB61D3207590020C04A /* StayManagementSystemUITests */ = {
			isa = PBXGroup;
			children = (
				7F867AB71D3207590020C04A /* StayManagementSystemUITests.swift */,
				7F867AB91D3207590020C04A /* Info.plist */,
			);
			path = StayManagementSystemUITests;
			sourceTree = "<group>";
		};
		7F867AC51D320B520020C04A /* 素材 */ = {
			isa = PBXGroup;
			children = (
				7F867AEB1D3237200020C04A /* Data */,
				7F867AC61D320B520020C04A /* documentIcon.png */,
				7F867AC71D320B520020C04A /* friends.png */,
				7F867AC81D320B520020C04A /* leavingIcon.png */,
				7F867AC91D320B520020C04A /* MapIcon.png */,
				7F867ACA1D320B520020C04A /* planIcon.png */,
				7F867ACB1D320B520020C04A /* profile.png */,
				7F867ACC1D320B520020C04A /* scheduleIcon.png */,
				7F867ACD1D320B520020C04A /* searchIcon.png */,
				7F867ACE1D320B520020C04A /* stateIcon.png */,
				7F867ACF1D320B520020C04A /* stayIcon.png */,
				7F867ADA1D320D780020C04A /* functionIcon.png */,
				7F867ADC1D3210920020C04A /* eventIcon.png */,
				7F867ADE1D3211830020C04A /* timeBar.png */,
				7F867AE01D3215360020C04A /* leavingIcon2.png */,
				7F867AE11D3215360020C04A /* planIcon2.png */,
				7F867AE21D3215360020C04A /* stayIcon2.png */,
				7F867AE31D3215360020C04A /* switchIcon.png */,
				7F867AE81D3215AD0020C04A /* homeIcon.png */,
			);
			path = "素材";
			sourceTree = "<group>";
		};
		7F867AEB1D3237200020C04A /* Data */ = {
			isa = PBXGroup;
			children = (
				7F1B8D981D65F0F00010ED2E /* schedule2.csv */,
				7F867AEC1D3237200020C04A /* schedule.csv */,
			);
			path = Data;
			sourceTree = "<group>";
		};
/* End PBXGroup section */

/* Begin PBXNativeTarget section */
		7F867A931D3207590020C04A /* StayManagementSystem */ = {
			isa = PBXNativeTarget;
			buildConfigurationList = 7F867ABC1D3207590020C04A /* Build configuration list for PBXNativeTarget "StayManagementSystem" */;
			buildPhases = (
				7F867A901D3207590020C04A /* Sources */,
				7F867A911D3207590020C04A /* Frameworks */,
				7F867A921D3207590020C04A /* Resources */,
			);
			buildRules = (
			);
			dependencies = (
			);
			name = StayManagementSystem;
			productName = StayManagementSystem;
			productReference = 7F867A941D3207590020C04A /* StayManagementSystem.app */;
			productType = "com.apple.product-type.application";
		};
		7F867AA71D3207590020C04A /* StayManagementSystemTests */ = {
			isa = PBXNativeTarget;
			buildConfigurationList = 7F867ABF1D3207590020C04A /* Build configuration list for PBXNativeTarget "StayManagementSystemTests" */;
			buildPhases = (
				7F867AA41D3207590020C04A /* Sources */,
				7F867AA51D3207590020C04A /* Frameworks */,
				7F867AA61D3207590020C04A /* Resources */,
			);
			buildRules = (
			);
			dependencies = (
				7F867AAA1D3207590020C04A /* PBXTargetDependency */,
			);
			name = StayManagementSystemTests;
			productName = StayManagementSystemTests;
			productReference = 7F867AA81D3207590020C04A /* StayManagementSystemTests.xctest */;
			productType = "com.apple.product-type.bundle.unit-test";
		};
		7F867AB21D3207590020C04A /* StayManagementSystemUITests */ = {
			isa = PBXNativeTarget;
			buildConfigurationList = 7F867AC21D3207590020C04A /* Build configuration list for PBXNativeTarget "StayManagementSystemUITests" */;
			buildPhases = (
				7F867AAF1D3207590020C04A /* Sources */,
				7F867AB01D3207590020C04A /* Frameworks */,
				7F867AB11D3207590020C04A /* Resources */,
			);
			buildRules = (
			);
			dependencies = (
				7F867AB51D3207590020C04A /* PBXTargetDependency */,
			);
			name = StayManagementSystemUITests;
			productName = StayManagementSystemUITests;
			productReference = 7F867AB31D3207590020C04A /* StayManagementSystemUITests.xctest */;
			productType = "com.apple.product-type.bundle.ui-testing";
		};
/* End PBXNativeTarget section */

/* Begin PBXProject section */
		7F867A8C1D3207590020C04A /* Project object */ = {
			isa = PBXProject;
			attributes = {
				LastSwiftUpdateCheck = 0730;
				LastUpgradeCheck = 0730;
				ORGANIZATIONNAME = "酒井恭平";
				TargetAttributes = {
					7F867A931D3207590020C04A = {
						CreatedOnToolsVersion = 7.3.1;
					};
					7F867AA71D3207590020C04A = {
						CreatedOnToolsVersion = 7.3.1;
						TestTargetID = 7F867A931D3207590020C04A;
					};
					7F867AB21D3207590020C04A = {
						CreatedOnToolsVersion = 7.3.1;
						TestTargetID = 7F867A931D3207590020C04A;
					};
				};
			};
			buildConfigurationList = 7F867A8F1D3207590020C04A /* Build configuration list for PBXProject "StayManagementSystem" */;
			compatibilityVersion = "Xcode 3.2";
			developmentRegion = English;
			hasScannedForEncodings = 0;
			knownRegions = (
				en,
				Base,
			);
			mainGroup = 7F867A8B1D3207590020C04A;
			productRefGroup = 7F867A951D3207590020C04A /* Products */;
			projectDirPath = "";
			projectRoot = "";
			targets = (
				7F867A931D3207590020C04A /* StayManagementSystem */,
				7F867AA71D3207590020C04A /* StayManagementSystemTests */,
				7F867AB21D3207590020C04A /* StayManagementSystemUITests */,
			);
		};
/* End PBXProject section */

/* Begin PBXResourcesBuildPhase section */
		7F867A921D3207590020C04A /* Resources */ = {
			isa = PBXResourcesBuildPhase;
			buildActionMask = 2147483647;
			files = (
				7F867AA21D3207590020C04A /* LaunchScreen.storyboard in Resources */,
				7F867AD71D320B520020C04A /* searchIcon.png in Resources */,
				7F867AE91D3215AD0020C04A /* homeIcon.png in Resources */,
				7F867ADF1D3211830020C04A /* timeBar.png in Resources */,
				7F867AD81D320B520020C04A /* stateIcon.png in Resources */,
				7F867AEE1D3237200020C04A /* schedule.csv in Resources */,
				7F867AE41D3215360020C04A /* leavingIcon2.png in Resources */,
				7F867AD61D320B520020C04A /* scheduleIcon.png in Resources */,
				7F867ADB1D320D780020C04A /* functionIcon.png in Resources */,
				7F867AD21D320B520020C04A /* leavingIcon.png in Resources */,
				7F867AE71D3215360020C04A /* switchIcon.png in Resources */,
				7F867A9F1D3207590020C04A /* Assets.xcassets in Resources */,
				7F867AD41D320B520020C04A /* planIcon.png in Resources */,
				7F1B8D991D65F0F00010ED2E /* schedule2.csv in Resources */,
				7F867AD51D320B520020C04A /* profile.png in Resources */,
				7F867AD11D320B520020C04A /* friends.png in Resources */,
				7F867AE61D3215360020C04A /* stayIcon2.png in Resources */,
				7F867A9D1D3207590020C04A /* Main.storyboard in Resources */,
				7F867ADD1D3210920020C04A /* eventIcon.png in Resources */,
				7F867AE51D3215360020C04A /* planIcon2.png in Resources */,
				7F867AD31D320B520020C04A /* MapIcon.png in Resources */,
				7F867AD01D320B520020C04A /* documentIcon.png in Resources */,
				7F867AD91D320B520020C04A /* stayIcon.png in Resources */,
			);
			runOnlyForDeploymentPostprocessing = 0;
		};
		7F867AA61D3207590020C04A /* Resources */ = {
			isa = PBXResourcesBuildPhase;
			buildActionMask = 2147483647;
			files = (
			);
			runOnlyForDeploymentPostprocessing = 0;
		};
		7F867AB11D3207590020C04A /* Resources */ = {
			isa = PBXResourcesBuildPhase;
			buildActionMask = 2147483647;
			files = (
			);
			runOnlyForDeploymentPostprocessing = 0;
		};
/* End PBXResourcesBuildPhase section */

/* Begin PBXSourcesBuildPhase section */
		7F867A901D3207590020C04A /* Sources */ = {
			isa = PBXSourcesBuildPhase;
			buildActionMask = 2147483647;
			files = (
				7F867A9A1D3207590020C04A /* ViewController.swift in Sources */,
				7FFA41AC1D73215B000769F2 /* GraphViewController.swift in Sources */,
				7F867A981D3207590020C04A /* AppDelegate.swift in Sources */,
				7F3944F91D437D5A002E3BC3 /* ListViewController.swift in Sources */,
				7F3944F71D4372EE002E3BC3 /* CustomTableViewCell.swift in Sources */,
			);
			runOnlyForDeploymentPostprocessing = 0;
		};
		7F867AA41D3207590020C04A /* Sources */ = {
			isa = PBXSourcesBuildPhase;
			buildActionMask = 2147483647;
			files = (
				7F867AAD1D3207590020C04A /* StayManagementSystemTests.swift in Sources */,
			);
			runOnlyForDeploymentPostprocessing = 0;
		};
		7F867AAF1D3207590020C04A /* Sources */ = {
			isa = PBXSourcesBuildPhase;
			buildActionMask = 2147483647;
			files = (
				7F867AB81D3207590020C04A /* StayManagementSystemUITests.swift in Sources */,
			);
			runOnlyForDeploymentPostprocessing = 0;
		};
/* End PBXSourcesBuildPhase section */

/* Begin PBXTargetDependency section */
		7F867AAA1D3207590020C04A /* PBXTargetDependency */ = {
			isa = PBXTargetDependency;
			target = 7F867A931D3207590020C04A /* StayManagementSystem */;
			targetProxy = 7F867AA91D3207590020C04A /* PBXContainerItemProxy */;
		};
		7F867AB51D3207590020C04A /* PBXTargetDependency */ = {
			isa = PBXTargetDependency;
			target = 7F867A931D3207590020C04A /* StayManagementSystem */;
			targetProxy = 7F867AB41D3207590020C04A /* PBXContainerItemProxy */;
		};
/* End PBXTargetDependency section */

/* Begin PBXVariantGroup section */
		7F867A9B1D3207590020C04A /* Main.storyboard */ = {
			isa = PBXVariantGroup;
			children = (
				7F867A9C1D3207590020C04A /* Base */,
			);
			name = Main.storyboard;
			sourceTree = "<group>";
		};
		7F867AA01D3207590020C04A /* LaunchScreen.storyboard */ = {
			isa = PBXVariantGroup;
			children = (
				7F867AA11D3207590020C04A /* Base */,
			);
			name = LaunchScreen.storyboard;
			sourceTree = "<group>";
		};
/* End PBXVariantGroup section */

/* Begin XCBuildConfiguration section */
		7F867ABA1D3207590020C04A /* Debug */ = {
			isa = XCBuildConfiguration;
			buildSettings = {
				ALWAYS_SEARCH_USER_PATHS = NO;
				CLANG_ANALYZER_NONNULL = YES;
				CLANG_CXX_LANGUAGE_STANDARD = "gnu++0x";
				CLANG_CXX_LIBRARY = "libc++";
				CLANG_ENABLE_MODULES = YES;
				CLANG_ENABLE_OBJC_ARC = YES;
				CLANG_WARN_BOOL_CONVERSION = YES;
				CLANG_WARN_CONSTANT_CONVERSION = YES;
				CLANG_WARN_DIRECT_OBJC_ISA_USAGE = YES_ERROR;
				CLANG_WARN_EMPTY_BODY = YES;
				CLANG_WARN_ENUM_CONVERSION = YES;
				CLANG_WARN_INT_CONVERSION = YES;
				CLANG_WARN_OBJC_ROOT_CLASS = YES_ERROR;
				CLANG_WARN_UNREACHABLE_CODE = YES;
				CLANG_WARN__DUPLICATE_METHOD_MATCH = YES;
				"CODE_SIGN_IDENTITY[sdk=iphoneos*]" = "iPhone Developer";
				COPY_PHASE_STRIP = NO;
				DEBUG_INFORMATION_FORMAT = dwarf;
				ENABLE_STRICT_OBJC_MSGSEND = YES;
				ENABLE_TESTABILITY = YES;
				GCC_C_LANGUAGE_STANDARD = gnu99;
				GCC_DYNAMIC_NO_PIC = NO;
				GCC_NO_COMMON_BLOCKS = YES;
				GCC_OPTIMIZATION_LEVEL = 0;
				GCC_PREPROCESSOR_DEFINITIONS = (
					"DEBUG=1",
					"$(inherited)",
				);
				GCC_WARN_64_TO_32_BIT_CONVERSION = YES;
				GCC_WARN_ABOUT_RETURN_TYPE = YES_ERROR;
				GCC_WARN_UNDECLARED_SELECTOR = YES;
				GCC_WARN_UNINITIALIZED_AUTOS = YES_AGGRESSIVE;
				GCC_WARN_UNUSED_FUNCTION = YES;
				GCC_WARN_UNUSED_VARIABLE = YES;
				IPHONEOS_DEPLOYMENT_TARGET = 9.3;
				MTL_ENABLE_DEBUG_INFO = YES;
				ONLY_ACTIVE_ARCH = YES;
				SDKROOT = iphoneos;
				SWIFT_OPTIMIZATION_LEVEL = "-Onone";
			};
			name = Debug;
		};
		7F867ABB1D3207590020C04A /* Release */ = {
			isa = XCBuildConfiguration;
			buildSettings = {
				ALWAYS_SEARCH_USER_PATHS = NO;
				CLANG_ANALYZER_NONNULL = YES;
				CLANG_CXX_LANGUAGE_STANDARD = "gnu++0x";
				CLANG_CXX_LIBRARY = "libc++";
				CLANG_ENABLE_MODULES = YES;
				CLANG_ENABLE_OBJC_ARC = YES;
				CLANG_WARN_BOOL_CONVERSION = YES;
				CLANG_WARN_CONSTANT_CONVERSION = YES;
				CLANG_WARN_DIRECT_OBJC_ISA_USAGE = YES_ERROR;
				CLANG_WARN_EMPTY_BODY = YES;
				CLANG_WARN_ENUM_CONVERSION = YES;
				CLANG_WARN_INT_CONVERSION = YES;
				CLANG_WARN_OBJC_ROOT_CLASS = YES_ERROR;
				CLANG_WARN_UNREACHABLE_CODE = YES;
				CLANG_WARN__DUPLICATE_METHOD_MATCH = YES;
				"CODE_SIGN_IDENTITY[sdk=iphoneos*]" = "iPhone Developer";
				COPY_PHASE_STRIP = NO;
				DEBUG_INFORMATION_FORMAT = "dwarf-with-dsym";
				ENABLE_NS_ASSERTIONS = NO;
				ENABLE_STRICT_OBJC_MSGSEND = YES;
				GCC_C_LANGUAGE_STANDARD = gnu99;
				GCC_NO_COMMON_BLOCKS = YES;
				GCC_WARN_64_TO_32_BIT_CONVERSION = YES;
				GCC_WARN_ABOUT_RETURN_TYPE = YES_ERROR;
				GCC_WARN_UNDECLARED_SELECTOR = YES;
				GCC_WARN_UNINITIALIZED_AUTOS = YES_AGGRESSIVE;
				GCC_WARN_UNUSED_FUNCTION = YES;
				GCC_WARN_UNUSED_VARIABLE = YES;
				IPHONEOS_DEPLOYMENT_TARGET = 9.3;
				MTL_ENABLE_DEBUG_INFO = NO;
				SDKROOT = iphoneos;
				VALIDATE_PRODUCT = YES;
			};
			name = Release;
		};
		7F867ABD1D3207590020C04A /* Debug */ = {
			isa = XCBuildConfiguration;
			buildSettings = {
				ASSETCATALOG_COMPILER_APPICON_NAME = AppIcon;
				INFOPLIST_FILE = StayManagementSystem/Info.plist;
				LD_RUNPATH_SEARCH_PATHS = "$(inherited) @executable_path/Frameworks";
				PRODUCT_BUNDLE_IDENTIFIER = kyohei.StayManagementSystem;
				PRODUCT_NAME = "$(TARGET_NAME)";
			};
			name = Debug;
		};
		7F867ABE1D3207590020C04A /* Release */ = {
			isa = XCBuildConfiguration;
			buildSettings = {
				ASSETCATALOG_COMPILER_APPICON_NAME = AppIcon;
				INFOPLIST_FILE = StayManagementSystem/Info.plist;
				LD_RUNPATH_SEARCH_PATHS = "$(inherited) @executable_path/Frameworks";
				PRODUCT_BUNDLE_IDENTIFIER = kyohei.StayManagementSystem;
				PRODUCT_NAME = "$(TARGET_NAME)";
			};
			name = Release;
		};
		7F867AC01D3207590020C04A /* Debug */ = {
			isa = XCBuildConfiguration;
			buildSettings = {
				BUNDLE_LOADER = "$(TEST_HOST)";
				INFOPLIST_FILE = StayManagementSystemTests/Info.plist;
				LD_RUNPATH_SEARCH_PATHS = "$(inherited) @executable_path/Frameworks @loader_path/Frameworks";
				PRODUCT_BUNDLE_IDENTIFIER = kyohei.StayManagementSystemTests;
				PRODUCT_NAME = "$(TARGET_NAME)";
				TEST_HOST = "$(BUILT_PRODUCTS_DIR)/StayManagementSystem.app/StayManagementSystem";
			};
			name = Debug;
		};
		7F867AC11D3207590020C04A /* Release */ = {
			isa = XCBuildConfiguration;
			buildSettings = {
				BUNDLE_LOADER = "$(TEST_HOST)";
				INFOPLIST_FILE = StayManagementSystemTests/Info.plist;
				LD_RUNPATH_SEARCH_PATHS = "$(inherited) @executable_path/Frameworks @loader_path/Frameworks";
				PRODUCT_BUNDLE_IDENTIFIER = kyohei.StayManagementSystemTests;
				PRODUCT_NAME = "$(TARGET_NAME)";
				TEST_HOST = "$(BUILT_PRODUCTS_DIR)/StayManagementSystem.app/StayManagementSystem";
			};
			name = Release;
		};
		7F867AC31D3207590020C04A /* Debug */ = {
			isa = XCBuildConfiguration;
			buildSettings = {
				INFOPLIST_FILE = StayManagementSystemUITests/Info.plist;
				LD_RUNPATH_SEARCH_PATHS = "$(inherited) @executable_path/Frameworks @loader_path/Frameworks";
				PRODUCT_BUNDLE_IDENTIFIER = kyohei.StayManagementSystemUITests;
				PRODUCT_NAME = "$(TARGET_NAME)";
				TEST_TARGET_NAME = StayManagementSystem;
			};
			name = Debug;
		};
		7F867AC41D3207590020C04A /* Release */ = {
			isa = XCBuildConfiguration;
			buildSettings = {
				INFOPLIST_FILE = StayManagementSystemUITests/Info.plist;
				LD_RUNPATH_SEARCH_PATHS = "$(inherited) @executable_path/Frameworks @loader_path/Frameworks";
				PRODUCT_BUNDLE_IDENTIFIER = kyohei.StayManagementSystemUITests;
				PRODUCT_NAME = "$(TARGET_NAME)";
				TEST_TARGET_NAME = StayManagementSystem;
			};
			name = Release;
		};
/* End XCBuildConfiguration section */

/* Begin XCConfigurationList section */
		7F867A8F1D3207590020C04A /* Build configuration list for PBXProject "StayManagementSystem" */ = {
			isa = XCConfigurationList;
			buildConfigurations = (
				7F867ABA1D3207590020C04A /* Debug */,
				7F867ABB1D3207590020C04A /* Release */,
			);
			defaultConfigurationIsVisible = 0;
			defaultConfigurationName = Release;
		};
		7F867ABC1D3207590020C04A /* Build configuration list for PBXNativeTarget "StayManagementSystem" */ = {
			isa = XCConfigurationList;
			buildConfigurations = (
				7F867ABD1D3207590020C04A /* Debug */,
				7F867ABE1D3207590020C04A /* Release */,
			);
			defaultConfigurationIsVisible = 0;
			defaultConfigurationName = Release;
		};
		7F867ABF1D3207590020C04A /* Build configuration list for PBXNativeTarget "StayManagementSystemTests" */ = {
			isa = XCConfigurationList;
			buildConfigurations = (
				7F867AC01D3207590020C04A /* Debug */,
				7F867AC11D3207590020C04A /* Release */,
			);
			defaultConfigurationIsVisible = 0;
			defaultConfigurationName = Release;
		};
		7F867AC21D3207590020C04A /* Build configuration list for PBXNativeTarget "StayManagementSystemUITests" */ = {
			isa = XCConfigurationList;
			buildConfigurations = (
				7F867AC31D3207590020C04A /* Debug */,
				7F867AC41D3207590020C04A /* Release */,
			);
			defaultConfigurationIsVisible = 0;
			defaultConfigurationName = Release;
		};
/* End XCConfigurationList section */
	};
	rootObject = 7F867A8C1D3207590020C04A /* Project object */;
}
